// !$*UTF8*$!
{
	archiveVersion = 1;
	classes = {
	};
	objectVersion = 48;
	objects = {

/* Begin PBXBuildFile section */
		F90CCA83202DCCE500AE4465 /* dani.jpg in Resources */ = {isa = PBXBuildFile; fileRef = F90CCA82202DCCE500AE4465 /* dani.jpg */; };
		F92AAAFD202B19C6001C96D9 /* AppDelegate.swift in Sources */ = {isa = PBXBuildFile; fileRef = F92AAAFC202B19C6001C96D9 /* AppDelegate.swift */; };
		F92AAAFF202B19C6001C96D9 /* ViewController.swift in Sources */ = {isa = PBXBuildFile; fileRef = F92AAAFE202B19C6001C96D9 /* ViewController.swift */; };
		F92AAB02202B19C6001C96D9 /* Main.storyboard in Resources */ = {isa = PBXBuildFile; fileRef = F92AAB00202B19C6001C96D9 /* Main.storyboard */; };
		F92AAB04202B19C6001C96D9 /* Assets.xcassets in Resources */ = {isa = PBXBuildFile; fileRef = F92AAB03202B19C6001C96D9 /* Assets.xcassets */; };
		F92AAB07202B19C6001C96D9 /* LaunchScreen.storyboard in Resources */ = {isa = PBXBuildFile; fileRef = F92AAB05202B19C6001C96D9 /* LaunchScreen.storyboard */; };
		F9F8982A202C4DAF00F1BC28 /* jiffpom.png in Resources */ = {isa = PBXBuildFile; fileRef = F9F89829202C4DAF00F1BC28 /* jiffpom.png */; };
/* End PBXBuildFile section */

/* Begin PBXFileReference section */
		F90CCA82202DCCE500AE4465 /* dani.jpg */ = {isa = PBXFileReference; lastKnownFileType = image.jpeg; name = dani.jpg; path = ../../Desktop/dani.jpg; sourceTree = "<group>"; };
		F92AAAF9202B19C6001C96D9 /* PuzzleGame.app */ = {isa = PBXFileReference; explicitFileType = wrapper.application; includeInIndex = 0; path = PuzzleGame.app; sourceTree = BUILT_PRODUCTS_DIR; };
		F92AAAFC202B19C6001C96D9 /* AppDelegate.swift */ = {isa = PBXFileReference; lastKnownFileType = sourcecode.swift; path = AppDelegate.swift; sourceTree = "<group>"; };
		F92AAAFE202B19C6001C96D9 /* ViewController.swift */ = {isa = PBXFileReference; lastKnownFileType = sourcecode.swift; path = ViewController.swift; sourceTree = "<group>"; };
		F92AAB01202B19C6001C96D9 /* Base */ = {isa = PBXFileReference; lastKnownFileType = file.storyboard; name = Base; path = Base.lproj/Main.storyboard; sourceTree = "<group>"; };
		F92AAB03202B19C6001C96D9 /* Assets.xcassets */ = {isa = PBXFileReference; lastKnownFileType = folder.assetcatalog; path = Assets.xcassets; sourceTree = "<group>"; };
		F92AAB06202B19C6001C96D9 /* Base */ = {isa = PBXFileReference; lastKnownFileType = file.storyboard; name = Base; path = Base.lproj/LaunchScreen.storyboard; sourceTree = "<group>"; };
		F92AAB08202B19C6001C96D9 /* Info.plist */ = {isa = PBXFileReference; lastKnownFileType = text.plist.xml; path = Info.plist; sourceTree = "<group>"; };
		F9F89829202C4DAF00F1BC28 /* jiffpom.png */ = {isa = PBXFileReference; lastKnownFileType = image.png; name = jiffpom.png; path = ../../Desktop/jiffpom.png; sourceTree = "<group>"; };
		F9F8982B202C4DB100F1BC28 /* jiffpom.png */ = {isa = PBXFileReference; lastKnownFileType = image.png; path = jiffpom.png; sourceTree = "<group>"; };
/* End PBXFileReference section */

/* Begin PBXFrameworksBuildPhase section */
		F92AAAF6202B19C6001C96D9 /* Frameworks */ = {
			isa = PBXFrameworksBuildPhase;
			buildActionMask = 2147483647;
			files = (
			);
			runOnlyForDeploymentPostprocessing = 0;
		};
/* End PBXFrameworksBuildPhase section */

/* Begin PBXGroup section */
		F92AAAF0202B19C6001C96D9 = {
			isa = PBXGroup;
			children = (
				F90CCA82202DCCE500AE4465 /* dani.jpg */,
				F9F89829202C4DAF00F1BC28 /* jiffpom.png */,
				F92AAAFB202B19C6001C96D9 /* PuzzleGame */,
				F92AAAFA202B19C6001C96D9 /* Products */,
			);
			sourceTree = "<group>";
		};
		F92AAAFA202B19C6001C96D9 /* Products */ = {
			isa = PBXGroup;
			children = (
				F92AAAF9202B19C6001C96D9 /* PuzzleGame.app */,
			);
			name = Products;
			sourceTree = "<group>";
		};
		F92AAAFB202B19C6001C96D9 /* PuzzleGame */ = {
			isa = PBXGroup;
			children = (
				F9F8982B202C4DB100F1BC28 /* jiffpom.png */,
				F92AAAFC202B19C6001C96D9 /* AppDelegate.swift */,
				F92AAAFE202B19C6001C96D9 /* ViewController.swift */,
				F92AAB00202B19C6001C96D9 /* Main.storyboard */,
				F92AAB03202B19C6001C96D9 /* Assets.xcassets */,
				F92AAB05202B19C6001C96D9 /* LaunchScreen.storyboard */,
				F92AAB08202B19C6001C96D9 /* Info.plist */,
			);
			path = PuzzleGame;
			sourceTree = "<group>";
		};
/* End PBXGroup section */

/* Begin PBXNativeTarget section */
		F92AAAF8202B19C6001C96D9 /* PuzzleGame */ = {
			isa = PBXNativeTarget;
			buildConfigurationList = F92AAB0B202B19C6001C96D9 /* Build configuration list for PBXNativeTarget "PuzzleGame" */;
			buildPhases = (
				F92AAAF5202B19C6001C96D9 /* Sources */,
				F92AAAF6202B19C6001C96D9 /* Frameworks */,
				F92AAAF7202B19C6001C96D9 /* Resources */,
			);
			buildRules = (
			);
			dependencies = (
			);
			name = PuzzleGame;
			productName = PuzzleGame;
			productReference = F92AAAF9202B19C6001C96D9 /* PuzzleGame.app */;
			productType = "com.apple.product-type.application";
		};
/* End PBXNativeTarget section */

/* Begin PBXProject section */
		F92AAAF1202B19C6001C96D9 /* Project object */ = {
			isa = PBXProject;
			attributes = {
				LastSwiftUpdateCheck = 0920;
				LastUpgradeCheck = 0920;
				ORGANIZATIONNAME = duwafarm;
				TargetAttributes = {
					F92AAAF8202B19C6001C96D9 = {
						CreatedOnToolsVersion = 9.2;
						ProvisioningStyle = Automatic;
					};
				};
			};
			buildConfigurationList = F92AAAF4202B19C6001C96D9 /* Build configuration list for PBXProject "PuzzleGame" */;
			compatibilityVersion = "Xcode 8.0";
			developmentRegion = en;
			hasScannedForEncodings = 0;
			knownRegions = (
				en,
				Base,
			);
			mainGroup = F92AAAF0202B19C6001C96D9;
			productRefGroup = F92AAAFA202B19C6001C96D9 /* Products */;
			projectDirPath = "";
			projectRoot = "";
			targets = (
				F92AAAF8202B19C6001C96D9 /* PuzzleGame */,
			);
		};
/* End PBXProject section */

/* Begin PBXResourcesBuildPhase section */
		F92AAAF7202B19C6001C96D9 /* Resources */ = {
			isa = PBXResourcesBuildPhase;
			buildActionMask = 2147483647;
			files = (
				F90CCA83202DCCE500AE4465 /* dani.jpg in Resources */,
				F9F8982A202C4DAF00F1BC28 /* jiffpom.png in Resources */,
				F92AAB07202B19C6001C96D9 /* LaunchScreen.storyboard in Resources */,
				F92AAB04202B19C6001C96D9 /* Assets.xcassets in Resources */,
				F92AAB02202B19C6001C96D9 /* Main.storyboard in Resources */,
			);
			runOnlyForDeploymentPostprocessing = 0;
		};
/* End PBXResourcesBuildPhase section */

/* Begin PBXSourcesBuildPhase section */
		F92AAAF5202B19C6001C96D9 /* Sources */ = {
			isa = PBXSourcesBuildPhase;
			buildActionMask = 2147483647;
			files = (
				F92AAAFF202B19C6001C96D9 /* ViewController.swift in Sources */,
				F92AAAFD202B19C6001C96D9 /* AppDelegate.swift in Sources */,
			);
			runOnlyForDeploymentPostprocessing = 0;
		};
/* End PBXSourcesBuildPhase section */

/* Begin PBXVariantGroup section */
		F92AAB00202B19C6001C96D9 /* Main.storyboard */ = {
			isa = PBXVariantGroup;
			children = (
				F92AAB01202B19C6001C96D9 /* Base */,
			);
			name = Main.storyboard;
			sourceTree = "<group>";
		};
		F92AAB05202B19C6001C96D9 /* LaunchScreen.storyboard */ = {
			isa = PBXVariantGroup;
			children = (
				F92AAB06202B19C6001C96D9 /* Base */,
			);
			name = LaunchScreen.storyboard;
			sourceTree = "<group>";
		};
/* End PBXVariantGroup section */

/* Begin XCBuildConfiguration section */
		F92AAB09202B19C6001C96D9 /* Debug */ = {
			isa = XCBuildConfiguration;
			buildSettings = {
				ALWAYS_SEARCH_USER_PATHS = NO;
				CLANG_ANALYZER_NONNULL = YES;
				CLANG_ANALYZER_NUMBER_OBJECT_CONVERSION = YES_AGGRESSIVE;
				CLANG_CXX_LANGUAGE_STANDARD = "gnu++14";
				CLANG_CXX_LIBRARY = "libc++";
				CLANG_ENABLE_MODULES = YES;
				CLANG_ENABLE_OBJC_ARC = YES;
				CLANG_WARN_BLOCK_CAPTURE_AUTORELEASING = YES;
				CLANG_WARN_BOOL_CONVERSION = YES;
				CLANG_WARN_COMMA = YES;
				CLANG_WARN_CONSTANT_CONVERSION = YES;
				CLANG_WARN_DIRECT_OBJC_ISA_USAGE = YES_ERROR;
				CLANG_WARN_DOCUMENTATION_COMMENTS = YES;
				CLANG_WARN_EMPTY_BODY = YES;
				CLANG_WARN_ENUM_CONVERSION = YES;
				CLANG_WARN_INFINITE_RECURSION = YES;
				CLANG_WARN_INT_CONVERSION = YES;
				CLANG_WARN_NON_LITERAL_NULL_CONVERSION = YES;
				CLANG_WARN_OBJC_LITERAL_CONVERSION = YES;
				CLANG_WARN_OBJC_ROOT_CLASS = YES_ERROR;
				CLANG_WARN_RANGE_LOOP_ANALYSIS = YES;
				CLANG_WARN_STRICT_PROTOTYPES = YES;
				CLANG_WARN_SUSPICIOUS_MOVE = YES;
				CLANG_WARN_UNGUARDED_AVAILABILITY = YES_AGGRESSIVE;
				CLANG_WARN_UNREACHABLE_CODE = YES;
				CLANG_WARN__DUPLICATE_METHOD_MATCH = YES;
				CODE_SIGN_IDENTITY = "iPhone Developer";
				COPY_PHASE_STRIP = NO;
				DEBUG_INFORMATION_FORMAT = dwarf;
				ENABLE_STRICT_OBJC_MSGSEND = YES;
				ENABLE_TESTABILITY = YES;
				GCC_C_LANGUAGE_STANDARD = gnu11;
				GCC_DYNAMIC_NO_PIC = NO;
				GCC_NO_COMMON_BLOCKS = YES;
				GCC_OPTIMIZATION_LEVEL = 0;
				GCC_PREPROCESSOR_DEFINITIONS = (
					"DEBUG=1",
					"$(inherited)",
				);
				GCC_WARN_64_TO_32_BIT_CONVERSION = YES;
				GCC_WARN_ABOUT_RETURN_TYPE = YES_ERROR;
				GCC_WARN_UNDECLARED_SELECTOR = YES;
				GCC_WARN_UNINITIALIZED_AUTOS = YES_AGGRESSIVE;
				GCC_WARN_UNUSED_FUNCTION = YES;
				GCC_WARN_UNUSED_VARIABLE = YES;
				IPHONEOS_DEPLOYMENT_TARGET = 11.2;
				MTL_ENABLE_DEBUG_INFO = YES;
				ONLY_ACTIVE_ARCH = YES;
				SDKROOT = iphoneos;
				SWIFT_ACTIVE_COMPILATION_CONDITIONS = DEBUG;
				SWIFT_OPTIMIZATION_LEVEL = "-Onone";
			};
			name = Debug;
		};
		F92AAB0A202B19C6001C96D9 /* Release */ = {
			isa = XCBuildConfiguration;
			buildSettings = {
				ALWAYS_SEARCH_USER_PATHS = NO;
				CLANG_ANALYZER_NONNULL = YES;
				CLANG_ANALYZER_NUMBER_OBJECT_CONVERSION = YES_AGGRESSIVE;
				CLANG_CXX_LANGUAGE_STANDARD = "gnu++14";
				CLANG_CXX_LIBRARY = "libc++";
				CLANG_ENABLE_MODULES = YES;
				CLANG_ENABLE_OBJC_ARC = YES;
				CLANG_WARN_BLOCK_CAPTURE_AUTORELEASING = YES;
				CLANG_WARN_BOOL_CONVERSION = YES;
				CLANG_WARN_COMMA = YES;
				CLANG_WARN_CONSTANT_CONVERSION = YES;
				CLANG_WARN_DIRECT_OBJC_ISA_USAGE = YES_ERROR;
				CLANG_WARN_DOCUMENTATION_COMMENTS = YES;
				CLANG_WARN_EMPTY_BODY = YES;
				CLANG_WARN_ENUM_CONVERSION = YES;
				CLANG_WARN_INFINITE_RECURSION = YES;
				CLANG_WARN_INT_CONVERSION = YES;
				CLANG_WARN_NON_LITERAL_NULL_CONVERSION = YES;
				CLANG_WARN_OBJC_LITERAL_CONVERSION = YES;
				CLANG_WARN_OBJC_ROOT_CLASS = YES_ERROR;
				CLANG_WARN_RANGE_LOOP_ANALYSIS = YES;
				CLANG_WARN_STRICT_PROTOTYPES = YES;
				CLANG_WARN_SUSPICIOUS_MOVE = YES;
				CLANG_WARN_UNGUARDED_AVAILABILITY = YES_AGGRESSIVE;
				CLANG_WARN_UNREACHABLE_CODE = YES;
				CLANG_WARN__DUPLICATE_METHOD_MATCH = YES;
				CODE_SIGN_IDENTITY = "iPhone Developer";
				COPY_PHASE_STRIP = NO;
				DEBUG_INFORMATION_FORMAT = "dwarf-with-dsym";
				ENABLE_NS_ASSERTIONS = NO;
				ENABLE_STRICT_OBJC_MSGSEND = YES;
				GCC_C_LANGUAGE_STANDARD = gnu11;
				GCC_NO_COMMON_BLOCKS = YES;
				GCC_WARN_64_TO_32_BIT_CONVERSION = YES;
				GCC_WARN_ABOUT_RETURN_TYPE = YES_ERROR;
				GCC_WARN_UNDECLARED_SELECTOR = YES;
				GCC_WARN_UNINITIALIZED_AUTOS = YES_AGGRESSIVE;
				GCC_WARN_UNUSED_FUNCTION = YES;
				GCC_WARN_UNUSED_VARIABLE = YES;
				IPHONEOS_DEPLOYMENT_TARGET = 11.2;
				MTL_ENABLE_DEBUG_INFO = NO;
				SDKROOT = iphoneos;
				SWIFT_OPTIMIZATION_LEVEL = "-Owholemodule";
				VALIDATE_PRODUCT = YES;
			};
			name = Release;
		};
		F92AAB0C202B19C6001C96D9 /* Debug */ = {
			isa = XCBuildConfiguration;
			buildSettings = {
				ASSETCATALOG_COMPILER_APPICON_NAME = AppIcon;
				CODE_SIGN_STYLE = Automatic;
				DEVELOPMENT_TEAM = 2J88RSGQ9J;
				INFOPLIST_FILE = PuzzleGame/Info.plist;
				LD_RUNPATH_SEARCH_PATHS = "$(inherited) @executable_path/Frameworks";
				PRODUCT_BUNDLE_IDENTIFIER = com.duwafarm.PuzzleGame;
				PRODUCT_NAME = "$(TARGET_NAME)";
				SWIFT_VERSION = 4.0;
				TARGETED_DEVICE_FAMILY = "1,2";
			};
			name = Debug;
		};
		F92AAB0D202B19C6001C96D9 /* Release */ = {
			isa = XCBuildConfiguration;
			buildSettings = {
				ASSETCATALOG_COMPILER_APPICON_NAME = AppIcon;
				CODE_SIGN_STYLE = Automatic;
				DEVELOPMENT_TEAM = 2J88RSGQ9J;
				INFOPLIST_FILE = PuzzleGame/Info.plist;
				LD_RUNPATH_SEARCH_PATHS = "$(inherited) @executable_path/Frameworks";
				PRODUCT_BUNDLE_IDENTIFIER = com.duwafarm.PuzzleGame;
				PRODUCT_NAME = "$(TARGET_NAME)";
				SWIFT_VERSION = 4.0;
				TARGETED_DEVICE_FAMILY = "1,2";
			};
			name = Release;
		};
/* End XCBuildConfiguration section */

/* Begin XCConfigurationList section */
		F92AAAF4202B19C6001C96D9 /* Build configuration list for PBXProject "PuzzleGame" */ = {
			isa = XCConfigurationList;
			buildConfigurations = (
				F92AAB09202B19C6001C96D9 /* Debug */,
				F92AAB0A202B19C6001C96D9 /* Release */,
			);
			defaultConfigurationIsVisible = 0;
			defaultConfigurationName = Release;
		};
		F92AAB0B202B19C6001C96D9 /* Build configuration list for PBXNativeTarget "PuzzleGame" */ = {
			isa = XCConfigurationList;
			buildConfigurations = (
				F92AAB0C202B19C6001C96D9 /* Debug */,
				F92AAB0D202B19C6001C96D9 /* Release */,
			);
			defaultConfigurationIsVisible = 0;
			defaultConfigurationName = Release;
		};
/* End XCConfigurationList section */
	};
	rootObject = F92AAAF1202B19C6001C96D9 /* Project object */;
}
